// !$*UTF8*$!
{
	archiveVersion = 1;
	classes = {
	};
	objectVersion = 48;
	objects = {

/* Begin PBXBuildFile section */
		2D3A5B7021161B1D00328E72 /* AppDelegate.swift in Sources */ = {isa = PBXBuildFile; fileRef = 2D3A5B6F21161B1D00328E72 /* AppDelegate.swift */; };
		2D3A5B7521161B1D00328E72 /* Main.storyboard in Resources */ = {isa = PBXBuildFile; fileRef = 2D3A5B7321161B1D00328E72 /* Main.storyboard */; };
		2D3A5B7721161B1D00328E72 /* Assets.xcassets in Resources */ = {isa = PBXBuildFile; fileRef = 2D3A5B7621161B1D00328E72 /* Assets.xcassets */; };
		2D3A5B7A21161B1D00328E72 /* LaunchScreen.storyboard in Resources */ = {isa = PBXBuildFile; fileRef = 2D3A5B7821161B1D00328E72 /* LaunchScreen.storyboard */; };
		2D3A5B9D21161BE300328E72 /* AppConstants.swift in Sources */ = {isa = PBXBuildFile; fileRef = 2D3A5B9C21161BE300328E72 /* AppConstants.swift */; };
		2D3A5BA021161BEA00328E72 /* ViewController.swift in Sources */ = {isa = PBXBuildFile; fileRef = 2D3A5B9F21161BEA00328E72 /* ViewController.swift */; };
		2D3A5BA321161BF200328E72 /* MusicVideoList.swift in Sources */ = {isa = PBXBuildFile; fileRef = 2D3A5BA221161BF200328E72 /* MusicVideoList.swift */; };
		2D3A5BA721161BF900328E72 /* Service.swift in Sources */ = {isa = PBXBuildFile; fileRef = 2D3A5BA521161BF900328E72 /* Service.swift */; };
		2D3A5BA821161BF900328E72 /* APIManager.swift in Sources */ = {isa = PBXBuildFile; fileRef = 2D3A5BA621161BF900328E72 /* APIManager.swift */; };
		2D3A5BAB21161C0500328E72 /* CollectionViewCell.swift in Sources */ = {isa = PBXBuildFile; fileRef = 2D3A5BAA21161C0400328E72 /* CollectionViewCell.swift */; };
		2D3A5BB021161C0E00328E72 /* Dynamic.swift in Sources */ = {isa = PBXBuildFile; fileRef = 2D3A5BAD21161C0E00328E72 /* Dynamic.swift */; };
		2D3A5BB121161C0E00328E72 /* CollectionViewModel.swift in Sources */ = {isa = PBXBuildFile; fileRef = 2D3A5BAE21161C0E00328E72 /* CollectionViewModel.swift */; };
		2D3A5BB221161C0E00328E72 /* CollectionCellViewModel.swift in Sources */ = {isa = PBXBuildFile; fileRef = 2D3A5BAF21161C0E00328E72 /* CollectionCellViewModel.swift */; };
		56048B802B198FD0FBF1F36A /* Pods_SwiftMVVMSample.framework in Frameworks */ = {isa = PBXBuildFile; fileRef = 0D5B89221206871E3E88BF7E /* Pods_SwiftMVVMSample.framework */; };
/* End PBXBuildFile section */

/* Begin PBXFileReference section */
		08F4C1449E8A89534029947D /* Pods-SwiftMVVMSample.debug.xcconfig */ = {isa = PBXFileReference; includeInIndex = 1; lastKnownFileType = text.xcconfig; name = "Pods-SwiftMVVMSample.debug.xcconfig"; path = "Pods/Target Support Files/Pods-SwiftMVVMSample/Pods-SwiftMVVMSample.debug.xcconfig"; sourceTree = "<group>"; };
		0D5B89221206871E3E88BF7E /* Pods_SwiftMVVMSample.framework */ = {isa = PBXFileReference; explicitFileType = wrapper.framework; includeInIndex = 0; path = Pods_SwiftMVVMSample.framework; sourceTree = BUILT_PRODUCTS_DIR; };
		2D3A5B6C21161B1D00328E72 /* SwiftMVVMSample.app */ = {isa = PBXFileReference; explicitFileType = wrapper.application; includeInIndex = 0; path = SwiftMVVMSample.app; sourceTree = BUILT_PRODUCTS_DIR; };
		2D3A5B6F21161B1D00328E72 /* AppDelegate.swift */ = {isa = PBXFileReference; lastKnownFileType = sourcecode.swift; path = AppDelegate.swift; sourceTree = "<group>"; };
		2D3A5B7421161B1D00328E72 /* Base */ = {isa = PBXFileReference; lastKnownFileType = file.storyboard; name = Base; path = Base.lproj/Main.storyboard; sourceTree = "<group>"; };
		2D3A5B7621161B1D00328E72 /* Assets.xcassets */ = {isa = PBXFileReference; lastKnownFileType = folder.assetcatalog; path = Assets.xcassets; sourceTree = "<group>"; };
		2D3A5B7921161B1D00328E72 /* Base */ = {isa = PBXFileReference; lastKnownFileType = file.storyboard; name = Base; path = Base.lproj/LaunchScreen.storyboard; sourceTree = "<group>"; };
		2D3A5B7B21161B1D00328E72 /* Info.plist */ = {isa = PBXFileReference; lastKnownFileType = text.plist.xml; path = Info.plist; sourceTree = "<group>"; };
		2D3A5B9C21161BE300328E72 /* AppConstants.swift */ = {isa = PBXFileReference; fileEncoding = 4; lastKnownFileType = sourcecode.swift; path = AppConstants.swift; sourceTree = "<group>"; };
		2D3A5B9F21161BEA00328E72 /* ViewController.swift */ = {isa = PBXFileReference; fileEncoding = 4; lastKnownFileType = sourcecode.swift; path = ViewController.swift; sourceTree = "<group>"; };
		2D3A5BA221161BF200328E72 /* MusicVideoList.swift */ = {isa = PBXFileReference; fileEncoding = 4; lastKnownFileType = sourcecode.swift; path = MusicVideoList.swift; sourceTree = "<group>"; };
		2D3A5BA521161BF900328E72 /* Service.swift */ = {isa = PBXFileReference; fileEncoding = 4; lastKnownFileType = sourcecode.swift; path = Service.swift; sourceTree = "<group>"; };
		2D3A5BA621161BF900328E72 /* APIManager.swift */ = {isa = PBXFileReference; fileEncoding = 4; lastKnownFileType = sourcecode.swift; path = APIManager.swift; sourceTree = "<group>"; };
		2D3A5BAA21161C0400328E72 /* CollectionViewCell.swift */ = {isa = PBXFileReference; fileEncoding = 4; lastKnownFileType = sourcecode.swift; path = CollectionViewCell.swift; sourceTree = "<group>"; };
		2D3A5BAD21161C0E00328E72 /* Dynamic.swift */ = {isa = PBXFileReference; fileEncoding = 4; lastKnownFileType = sourcecode.swift; path = Dynamic.swift; sourceTree = "<group>"; };
		2D3A5BAE21161C0E00328E72 /* CollectionViewModel.swift */ = {isa = PBXFileReference; fileEncoding = 4; lastKnownFileType = sourcecode.swift; path = CollectionViewModel.swift; sourceTree = "<group>"; };
		2D3A5BAF21161C0E00328E72 /* CollectionCellViewModel.swift */ = {isa = PBXFileReference; fileEncoding = 4; lastKnownFileType = sourcecode.swift; path = CollectionCellViewModel.swift; sourceTree = "<group>"; };
		AD4E8F39E9AA93EFC821FDBF /* Pods-SwiftMVVMSample.release.xcconfig */ = {isa = PBXFileReference; includeInIndex = 1; lastKnownFileType = text.xcconfig; name = "Pods-SwiftMVVMSample.release.xcconfig"; path = "Pods/Target Support Files/Pods-SwiftMVVMSample/Pods-SwiftMVVMSample.release.xcconfig"; sourceTree = "<group>"; };
/* End PBXFileReference section */

/* Begin PBXFrameworksBuildPhase section */
		2D3A5B6921161B1D00328E72 /* Frameworks */ = {
			isa = PBXFrameworksBuildPhase;
			buildActionMask = 2147483647;
			files = (
				56048B802B198FD0FBF1F36A /* Pods_SwiftMVVMSample.framework in Frameworks */,
			);
			runOnlyForDeploymentPostprocessing = 0;
		};
/* End PBXFrameworksBuildPhase section */

/* Begin PBXGroup section */
		2D3A5B6321161B1D00328E72 = {
			isa = PBXGroup;
			children = (
				2D3A5B6E21161B1D00328E72 /* SwiftMVVMSample */,
				2D3A5B6D21161B1D00328E72 /* Products */,
				A8B1B750C3A4426797A7EAF6 /* Pods */,
				D1B9BA697BCD6638ABC8F3B3 /* Frameworks */,
			);
			sourceTree = "<group>";
		};
		2D3A5B6D21161B1D00328E72 /* Products */ = {
			isa = PBXGroup;
			children = (
				2D3A5B6C21161B1D00328E72 /* SwiftMVVMSample.app */,
			);
			name = Products;
			sourceTree = "<group>";
		};
		2D3A5B6E21161B1D00328E72 /* SwiftMVVMSample */ = {
			isa = PBXGroup;
			children = (
				2D3A5BAC21161C0E00328E72 /* ViewModel */,
				2D3A5BA921161C0400328E72 /* View */,
				2D3A5BA421161BF900328E72 /* Service */,
				2D3A5BA121161BF200328E72 /* Model */,
				2D3A5B9E21161BEA00328E72 /* Controller */,
				2D3A5B9B21161BE300328E72 /* Common */,
				2D3A5B6F21161B1D00328E72 /* AppDelegate.swift */,
				2D3A5B7321161B1D00328E72 /* Main.storyboard */,
				2D3A5B7621161B1D00328E72 /* Assets.xcassets */,
				2D3A5B7821161B1D00328E72 /* LaunchScreen.storyboard */,
				2D3A5B7B21161B1D00328E72 /* Info.plist */,
			);
			path = SwiftMVVMSample;
			sourceTree = "<group>";
		};
		2D3A5B9B21161BE300328E72 /* Common */ = {
			isa = PBXGroup;
			children = (
				2D3A5B9C21161BE300328E72 /* AppConstants.swift */,
			);
			path = Common;
			sourceTree = "<group>";
		};
		2D3A5B9E21161BEA00328E72 /* Controller */ = {
			isa = PBXGroup;
			children = (
				2D3A5B9F21161BEA00328E72 /* ViewController.swift */,
			);
			path = Controller;
			sourceTree = "<group>";
		};
		2D3A5BA121161BF200328E72 /* Model */ = {
			isa = PBXGroup;
			children = (
				2D3A5BA221161BF200328E72 /* MusicVideoList.swift */,
			);
			path = Model;
			sourceTree = "<group>";
		};
		2D3A5BA421161BF900328E72 /* Service */ = {
			isa = PBXGroup;
			children = (
				2D3A5BA521161BF900328E72 /* Service.swift */,
				2D3A5BA621161BF900328E72 /* APIManager.swift */,
			);
			path = Service;
			sourceTree = "<group>";
		};
		2D3A5BA921161C0400328E72 /* View */ = {
			isa = PBXGroup;
			children = (
				2D3A5BAA21161C0400328E72 /* CollectionViewCell.swift */,
			);
			path = View;
			sourceTree = "<group>";
		};
		2D3A5BAC21161C0E00328E72 /* ViewModel */ = {
			isa = PBXGroup;
			children = (
				2D3A5BAD21161C0E00328E72 /* Dynamic.swift */,
				2D3A5BAE21161C0E00328E72 /* CollectionViewModel.swift */,
				2D3A5BAF21161C0E00328E72 /* CollectionCellViewModel.swift */,
			);
			path = ViewModel;
			sourceTree = "<group>";
		};
		A8B1B750C3A4426797A7EAF6 /* Pods */ = {
			isa = PBXGroup;
			children = (
				08F4C1449E8A89534029947D /* Pods-SwiftMVVMSample.debug.xcconfig */,
				AD4E8F39E9AA93EFC821FDBF /* Pods-SwiftMVVMSample.release.xcconfig */,
			);
			name = Pods;
			sourceTree = "<group>";
		};
		D1B9BA697BCD6638ABC8F3B3 /* Frameworks */ = {
			isa = PBXGroup;
			children = (
				0D5B89221206871E3E88BF7E /* Pods_SwiftMVVMSample.framework */,
			);
			name = Frameworks;
			sourceTree = "<group>";
		};
/* End PBXGroup section */

/* Begin PBXNativeTarget section */
		2D3A5B6B21161B1D00328E72 /* SwiftMVVMSample */ = {
			isa = PBXNativeTarget;
			buildConfigurationList = 2D3A5B7E21161B1D00328E72 /* Build configuration list for PBXNativeTarget "SwiftMVVMSample" */;
			buildPhases = (
				19C371D7B9969246B1F539A1 /* [CP] Check Pods Manifest.lock */,
				2D3A5B6821161B1D00328E72 /* Sources */,
				2D3A5B6921161B1D00328E72 /* Frameworks */,
				2D3A5B6A21161B1D00328E72 /* Resources */,
			);
			buildRules = (
			);
			dependencies = (
			);
			name = SwiftMVVMSample;
			productName = SwiftMVVMSample;
			productReference = 2D3A5B6C21161B1D00328E72 /* SwiftMVVMSample.app */;
			productType = "com.apple.product-type.application";
		};
/* End PBXNativeTarget section */

/* Begin PBXProject section */
		2D3A5B6421161B1D00328E72 /* Project object */ = {
			isa = PBXProject;
			attributes = {
				LastSwiftUpdateCheck = 0920;
				LastUpgradeCheck = 0920;
				ORGANIZATIONNAME = "hasti ranjkesh";
				TargetAttributes = {
					2D3A5B6B21161B1D00328E72 = {
						CreatedOnToolsVersion = 9.2;
						ProvisioningStyle = Automatic;
					};
				};
			};
			buildConfigurationList = 2D3A5B6721161B1D00328E72 /* Build configuration list for PBXProject "SwiftMVVMSample" */;
			compatibilityVersion = "Xcode 8.0";
			developmentRegion = en;
			hasScannedForEncodings = 0;
			knownRegions = (
				en,
				Base,
			);
			mainGroup = 2D3A5B6321161B1D00328E72;
			productRefGroup = 2D3A5B6D21161B1D00328E72 /* Products */;
			projectDirPath = "";
			projectRoot = "";
			targets = (
				2D3A5B6B21161B1D00328E72 /* SwiftMVVMSample */,
			);
		};
/* End PBXProject section */

/* Begin PBXResourcesBuildPhase section */
		2D3A5B6A21161B1D00328E72 /* Resources */ = {
			isa = PBXResourcesBuildPhase;
			buildActionMask = 2147483647;
			files = (
				2D3A5B7A21161B1D00328E72 /* LaunchScreen.storyboard in Resources */,
				2D3A5B7721161B1D00328E72 /* Assets.xcassets in Resources */,
				2D3A5B7521161B1D00328E72 /* Main.storyboard in Resources */,
			);
			runOnlyForDeploymentPostprocessing = 0;
		};
/* End PBXResourcesBuildPhase section */

/* Begin PBXShellScriptBuildPhase section */
		19C371D7B9969246B1F539A1 /* [CP] Check Pods Manifest.lock */ = {
			isa = PBXShellScriptBuildPhase;
			buildActionMask = 2147483647;
			files = (
			);
			inputPaths = (
				"${PODS_PODFILE_DIR_PATH}/Podfile.lock",
				"${PODS_ROOT}/Manifest.lock",
			);
			name = "[CP] Check Pods Manifest.lock";
			outputPaths = (
				"$(DERIVED_FILE_DIR)/Pods-SwiftMVVMSample-checkManifestLockResult.txt",
			);
			runOnlyForDeploymentPostprocessing = 0;
			shellPath = /bin/sh;
			shellScript = "diff \"${PODS_PODFILE_DIR_PATH}/Podfile.lock\" \"${PODS_ROOT}/Manifest.lock\" > /dev/null\nif [ $? != 0 ] ; then\n    # print error to STDERR\n    echo \"error: The sandbox is not in sync with the Podfile.lock. Run 'pod install' or update your CocoaPods installation.\" >&2\n    exit 1\nfi\n# This output is used by Xcode 'outputs' to avoid re-running this script phase.\necho \"SUCCESS\" > \"${SCRIPT_OUTPUT_FILE_0}\"\n";
			showEnvVarsInLog = 0;
		};
/* End PBXShellScriptBuildPhase section */

/* Begin PBXSourcesBuildPhase section */
		2D3A5B6821161B1D00328E72 /* Sources */ = {
			isa = PBXSourcesBuildPhase;
			buildActionMask = 2147483647;
			files = (
				2D3A5BA821161BF900328E72 /* APIManager.swift in Sources */,
				2D3A5BA021161BEA00328E72 /* ViewController.swift in Sources */,
				2D3A5BB221161C0E00328E72 /* CollectionCellViewModel.swift in Sources */,
				2D3A5B7021161B1D00328E72 /* AppDelegate.swift in Sources */,
				2D3A5BAB21161C0500328E72 /* CollectionViewCell.swift in Sources */,
				2D3A5BA721161BF900328E72 /* Service.swift in Sources */,
				2D3A5BB021161C0E00328E72 /* Dynamic.swift in Sources */,
				2D3A5BB121161C0E00328E72 /* CollectionViewModel.swift in Sources */,
				2D3A5B9D21161BE300328E72 /* AppConstants.swift in Sources */,
				2D3A5BA321161BF200328E72 /* MusicVideoList.swift in Sources */,
			);
			runOnlyForDeploymentPostprocessing = 0;
		};
/* End PBXSourcesBuildPhase section */

/* Begin PBXVariantGroup section */
		2D3A5B7321161B1D00328E72 /* Main.storyboard */ = {
			isa = PBXVariantGroup;
			children = (
				2D3A5B7421161B1D00328E72 /* Base */,
			);
			name = Main.storyboard;
			sourceTree = "<group>";
		};
		2D3A5B7821161B1D00328E72 /* LaunchScreen.storyboard */ = {
			isa = PBXVariantGroup;
			children = (
				2D3A5B7921161B1D00328E72 /* Base */,
			);
			name = LaunchScreen.storyboard;
			sourceTree = "<group>";
		};
/* End PBXVariantGroup section */

/* Begin XCBuildConfiguration section */
		2D3A5B7C21161B1D00328E72 /* Debug */ = {
			isa = XCBuildConfiguration;
			buildSettings = {
				ALWAYS_SEARCH_USER_PATHS = NO;
				CLANG_ANALYZER_NONNULL = YES;
				CLANG_ANALYZER_NUMBER_OBJECT_CONVERSION = YES_AGGRESSIVE;
				CLANG_CXX_LANGUAGE_STANDARD = "gnu++14";
				CLANG_CXX_LIBRARY = "libc++";
				CLANG_ENABLE_MODULES = YES;
				CLANG_ENABLE_OBJC_ARC = YES;
				CLANG_WARN_BLOCK_CAPTURE_AUTORELEASING = YES;
				CLANG_WARN_BOOL_CONVERSION = YES;
				CLANG_WARN_COMMA = YES;
				CLANG_WARN_CONSTANT_CONVERSION = YES;
				CLANG_WARN_DIRECT_OBJC_ISA_USAGE = YES_ERROR;
				CLANG_WARN_DOCUMENTATION_COMMENTS = YES;
				CLANG_WARN_EMPTY_BODY = YES;
				CLANG_WARN_ENUM_CONVERSION = YES;
				CLANG_WARN_INFINITE_RECURSION = YES;
				CLANG_WARN_INT_CONVERSION = YES;
				CLANG_WARN_NON_LITERAL_NULL_CONVERSION = YES;
				CLANG_WARN_OBJC_LITERAL_CONVERSION = YES;
				CLANG_WARN_OBJC_ROOT_CLASS = YES_ERROR;
				CLANG_WARN_RANGE_LOOP_ANALYSIS = YES;
				CLANG_WARN_STRICT_PROTOTYPES = YES;
				CLANG_WARN_SUSPICIOUS_MOVE = YES;
				CLANG_WARN_UNGUARDED_AVAILABILITY = YES_AGGRESSIVE;
				CLANG_WARN_UNREACHABLE_CODE = YES;
				CLANG_WARN__DUPLICATE_METHOD_MATCH = YES;
				CODE_SIGN_IDENTITY = "iPhone Developer";
				COPY_PHASE_STRIP = NO;
				DEBUG_INFORMATION_FORMAT = dwarf;
				ENABLE_STRICT_OBJC_MSGSEND = YES;
				ENABLE_TESTABILITY = YES;
				GCC_C_LANGUAGE_STANDARD = gnu11;
				GCC_DYNAMIC_NO_PIC = NO;
				GCC_NO_COMMON_BLOCKS = YES;
				GCC_OPTIMIZATION_LEVEL = 0;
				GCC_PREPROCESSOR_DEFINITIONS = (
					"DEBUG=1",
					"$(inherited)",
				);
				GCC_WARN_64_TO_32_BIT_CONVERSION = YES;
				GCC_WARN_ABOUT_RETURN_TYPE = YES_ERROR;
				GCC_WARN_UNDECLARED_SELECTOR = YES;
				GCC_WARN_UNINITIALIZED_AUTOS = YES_AGGRESSIVE;
				GCC_WARN_UNUSED_FUNCTION = YES;
				GCC_WARN_UNUSED_VARIABLE = YES;
				IPHONEOS_DEPLOYMENT_TARGET = 11.2;
				MTL_ENABLE_DEBUG_INFO = YES;
				ONLY_ACTIVE_ARCH = YES;
				SDKROOT = iphoneos;
				SWIFT_ACTIVE_COMPILATION_CONDITIONS = DEBUG;
				SWIFT_OPTIMIZATION_LEVEL = "-Onone";
			};
			name = Debug;
		};
		2D3A5B7D21161B1D00328E72 /* Release */ = {
			isa = XCBuildConfiguration;
			buildSettings = {
				ALWAYS_SEARCH_USER_PATHS = NO;
				CLANG_ANALYZER_NONNULL = YES;
				CLANG_ANALYZER_NUMBER_OBJECT_CONVERSION = YES_AGGRESSIVE;
				CLANG_CXX_LANGUAGE_STANDARD = "gnu++14";
				CLANG_CXX_LIBRARY = "libc++";
				CLANG_ENABLE_MODULES = YES;
				CLANG_ENABLE_OBJC_ARC = YES;
				CLANG_WARN_BLOCK_CAPTURE_AUTORELEASING = YES;
				CLANG_WARN_BOOL_CONVERSION = YES;
				CLANG_WARN_COMMA = YES;
				CLANG_WARN_CONSTANT_CONVERSION = YES;
				CLANG_WARN_DIRECT_OBJC_ISA_USAGE = YES_ERROR;
				CLANG_WARN_DOCUMENTATION_COMMENTS = YES;
				CLANG_WARN_EMPTY_BODY = YES;
				CLANG_WARN_ENUM_CONVERSION = YES;
				CLANG_WARN_INFINITE_RECURSION = YES;
				CLANG_WARN_INT_CONVERSION = YES;
				CLANG_WARN_NON_LITERAL_NULL_CONVERSION = YES;
				CLANG_WARN_OBJC_LITERAL_CONVERSION = YES;
				CLANG_WARN_OBJC_ROOT_CLASS = YES_ERROR;
				CLANG_WARN_RANGE_LOOP_ANALYSIS = YES;
				CLANG_WARN_STRICT_PROTOTYPES = YES;
				CLANG_WARN_SUSPICIOUS_MOVE = YES;
				CLANG_WARN_UNGUARDED_AVAILABILITY = YES_AGGRESSIVE;
				CLANG_WARN_UNREACHABLE_CODE = YES;
				CLANG_WARN__DUPLICATE_METHOD_MATCH = YES;
				CODE_SIGN_IDENTITY = "iPhone Developer";
				COPY_PHASE_STRIP = NO;
				DEBUG_INFORMATION_FORMAT = "dwarf-with-dsym";
				ENABLE_NS_ASSERTIONS = NO;
				ENABLE_STRICT_OBJC_MSGSEND = YES;
				GCC_C_LANGUAGE_STANDARD = gnu11;
				GCC_NO_COMMON_BLOCKS = YES;
				GCC_WARN_64_TO_32_BIT_CONVERSION = YES;
				GCC_WARN_ABOUT_RETURN_TYPE = YES_ERROR;
				GCC_WARN_UNDECLARED_SELECTOR = YES;
				GCC_WARN_UNINITIALIZED_AUTOS = YES_AGGRESSIVE;
				GCC_WARN_UNUSED_FUNCTION = YES;
				GCC_WARN_UNUSED_VARIABLE = YES;
				IPHONEOS_DEPLOYMENT_TARGET = 11.2;
				MTL_ENABLE_DEBUG_INFO = NO;
				SDKROOT = iphoneos;
				SWIFT_OPTIMIZATION_LEVEL = "-Owholemodule";
				VALIDATE_PRODUCT = YES;
			};
			name = Release;
		};
		2D3A5B7F21161B1D00328E72 /* Debug */ = {
			isa = XCBuildConfiguration;
			baseConfigurationReference = 08F4C1449E8A89534029947D /* Pods-SwiftMVVMSample.debug.xcconfig */;
			buildSettings = {
				ASSETCATALOG_COMPILER_APPICON_NAME = AppIcon;
				CODE_SIGN_STYLE = Automatic;
				DEVELOPMENT_TEAM = N48Q8QJ558;
				INFOPLIST_FILE = SwiftMVVMSample/Info.plist;
				LD_RUNPATH_SEARCH_PATHS = "$(inherited) @executable_path/Frameworks";
				PRODUCT_BUNDLE_IDENTIFIER = com.hasti.SwiftMVVMSample;
				PRODUCT_NAME = "$(TARGET_NAME)";
				SWIFT_VERSION = 4.0;
				TARGETED_DEVICE_FAMILY = "1,2";
			};
			name = Debug;
		};
		2D3A5B8021161B1D00328E72 /* Release */ = {
			isa = XCBuildConfiguration;
			baseConfigurationReference = AD4E8F39E9AA93EFC821FDBF /* Pods-SwiftMVVMSample.release.xcconfig */;
			buildSettings = {
				ASSETCATALOG_COMPILER_APPICON_NAME = AppIcon;
				CODE_SIGN_STYLE = Automatic;
				DEVELOPMENT_TEAM = N48Q8QJ558;
				INFOPLIST_FILE = SwiftMVVMSample/Info.plist;
				LD_RUNPATH_SEARCH_PATHS = "$(inherited) @executable_path/Frameworks";
				PRODUCT_BUNDLE_IDENTIFIER = com.hasti.SwiftMVVMSample;
				PRODUCT_NAME = "$(TARGET_NAME)";
				SWIFT_VERSION = 4.0;
				TARGETED_DEVICE_FAMILY = "1,2";
			};
			name = Release;
		};
/* End XCBuildConfiguration section */

/* Begin XCConfigurationList section */
		2D3A5B6721161B1D00328E72 /* Build configuration list for PBXProject "SwiftMVVMSample" */ = {
			isa = XCConfigurationList;
			buildConfigurations = (
				2D3A5B7C21161B1D00328E72 /* Debug */,
				2D3A5B7D21161B1D00328E72 /* Release */,
			);
			defaultConfigurationIsVisible = 0;
			defaultConfigurationName = Release;
		};
		2D3A5B7E21161B1D00328E72 /* Build configuration list for PBXNativeTarget "SwiftMVVMSample" */ = {
			isa = XCConfigurationList;
			buildConfigurations = (
				2D3A5B7F21161B1D00328E72 /* Debug */,
				2D3A5B8021161B1D00328E72 /* Release */,
			);
			defaultConfigurationIsVisible = 0;
			defaultConfigurationName = Release;
		};
/* End XCConfigurationList section */
	};
	rootObject = 2D3A5B6421161B1D00328E72 /* Project object */;
}
